// !$*UTF8*$!
{
	archiveVersion = 1;
	classes = {
	};
	objectVersion = 46;
	objects = {

/* Begin PBXBuildFile section */
		9AD373F14B346AEC70773065 /* Pods.framework in Frameworks */ = {isa = PBXBuildFile; fileRef = 3543D5C287A570B5240966E4 /* Pods.framework */; settings = {ATTRIBUTES = (Weak, ); }; };
		F32A81661B49EAD000747A07 /* EditViewController.swift in Sources */ = {isa = PBXBuildFile; fileRef = F32A81651B49EAD000747A07 /* EditViewController.swift */; };
		F354CEC51B3F4A9B00AE51CD /* Podfile in Resources */ = {isa = PBXBuildFile; fileRef = F354CEC41B3F4A9B00AE51CD /* Podfile */; };
		F39C74191B45E4F000E12470 /* PTSerif.ttc in Resources */ = {isa = PBXBuildFile; fileRef = F39C74181B45E4F000E12470 /* PTSerif.ttc */; };
		F3B859CE1B49952E0085712C /* ActionSheetViewController.swift in Sources */ = {isa = PBXBuildFile; fileRef = F3B859CD1B49952E0085712C /* ActionSheetViewController.swift */; };
		F3B941701B48833D00287B20 /* AuthViewController.swift in Sources */ = {isa = PBXBuildFile; fileRef = F3B9416F1B48833D00287B20 /* AuthViewController.swift */; };
		F3C3AB801B3F4D7E0069100C /* empty.m in Sources */ = {isa = PBXBuildFile; fileRef = F3C3AB7F1B3F4D7E0069100C /* empty.m */; };
		F3E2B0A41B3FC0C800CC7B45 /* keys.plist in Resources */ = {isa = PBXBuildFile; fileRef = F3E2B0A31B3FC0C800CC7B45 /* keys.plist */; };
		F3F6FDB31B360BB700CAACA6 /* AppDelegate.swift in Sources */ = {isa = PBXBuildFile; fileRef = F3F6FDB21B360BB700CAACA6 /* AppDelegate.swift */; };
		F3F6FDBA1B360BB700CAACA6 /* Images.xcassets in Resources */ = {isa = PBXBuildFile; fileRef = F3F6FDB91B360BB700CAACA6 /* Images.xcassets */; };
		F3F6FDBD1B360BB700CAACA6 /* LaunchScreen.xib in Resources */ = {isa = PBXBuildFile; fileRef = F3F6FDBB1B360BB700CAACA6 /* LaunchScreen.xib */; };
		F3F6FDC91B360BB700CAACA6 /* scrollTests.swift in Sources */ = {isa = PBXBuildFile; fileRef = F3F6FDC81B360BB700CAACA6 /* scrollTests.swift */; };
		F3F6FDD31B360C4B00CAACA6 /* ComposeViewController.swift in Sources */ = {isa = PBXBuildFile; fileRef = F3F6FDD21B360C4B00CAACA6 /* ComposeViewController.swift */; };
		F3F6FDD51B360D6000CAACA6 /* HomeViewController.swift in Sources */ = {isa = PBXBuildFile; fileRef = F3F6FDD41B360D6000CAACA6 /* HomeViewController.swift */; };
		F3F6FDD81B3615BE00CAACA6 /* SanFranciscoDisplay-Medium.otf in Resources */ = {isa = PBXBuildFile; fileRef = F3F6FDD61B3615BE00CAACA6 /* SanFranciscoDisplay-Medium.otf */; };
		F3F6FDD91B3615BE00CAACA6 /* SanFranciscoDisplay-Regular.otf in Resources */ = {isa = PBXBuildFile; fileRef = F3F6FDD71B3615BE00CAACA6 /* SanFranciscoDisplay-Regular.otf */; };
		F3F6FDDC1B36581400CAACA6 /* HomeTableViewCell.swift in Sources */ = {isa = PBXBuildFile; fileRef = F3F6FDDB1B36581400CAACA6 /* HomeTableViewCell.swift */; };
/* End PBXBuildFile section */

/* Begin PBXContainerItemProxy section */
		F3F6FDC31B360BB700CAACA6 /* PBXContainerItemProxy */ = {
			isa = PBXContainerItemProxy;
			containerPortal = F3F6FDA51B360BB600CAACA6 /* Project object */;
			proxyType = 1;
			remoteGlobalIDString = F3F6FDAC1B360BB700CAACA6;
			remoteInfo = scroll;
		};
/* End PBXContainerItemProxy section */

/* Begin PBXFileReference section */
		088C2AA1A34DF6D6656F5C09 /* Pods.debug.xcconfig */ = {isa = PBXFileReference; includeInIndex = 1; lastKnownFileType = text.xcconfig; name = Pods.debug.xcconfig; path = "Pods/Target Support Files/Pods/Pods.debug.xcconfig"; sourceTree = "<group>"; };
		3543D5C287A570B5240966E4 /* Pods.framework */ = {isa = PBXFileReference; explicitFileType = wrapper.framework; includeInIndex = 0; path = Pods.framework; sourceTree = BUILT_PRODUCTS_DIR; };
		4D84638BD98E0E92C4E87556 /* Pods.release.xcconfig */ = {isa = PBXFileReference; includeInIndex = 1; lastKnownFileType = text.xcconfig; name = Pods.release.xcconfig; path = "Pods/Target Support Files/Pods/Pods.release.xcconfig"; sourceTree = "<group>"; };
		F32A81651B49EAD000747A07 /* EditViewController.swift */ = {isa = PBXFileReference; fileEncoding = 4; lastKnownFileType = sourcecode.swift; path = EditViewController.swift; sourceTree = "<group>"; };
		F354CEC41B3F4A9B00AE51CD /* Podfile */ = {isa = PBXFileReference; fileEncoding = 4; lastKnownFileType = text; path = Podfile; sourceTree = "<group>"; };
		F39C74181B45E4F000E12470 /* PTSerif.ttc */ = {isa = PBXFileReference; lastKnownFileType = file; path = PTSerif.ttc; sourceTree = "<group>"; };
		F3B859CD1B49952E0085712C /* ActionSheetViewController.swift */ = {isa = PBXFileReference; fileEncoding = 4; lastKnownFileType = sourcecode.swift; path = ActionSheetViewController.swift; sourceTree = "<group>"; };
		F3B9416F1B48833D00287B20 /* AuthViewController.swift */ = {isa = PBXFileReference; fileEncoding = 4; lastKnownFileType = sourcecode.swift; path = AuthViewController.swift; sourceTree = "<group>"; };
		F3C3AB7E1B3F4D7D0069100C /* scroll-Bridging-Header.h */ = {isa = PBXFileReference; lastKnownFileType = sourcecode.c.h; path = "scroll-Bridging-Header.h"; sourceTree = "<group>"; };
		F3C3AB7F1B3F4D7E0069100C /* empty.m */ = {isa = PBXFileReference; fileEncoding = 4; lastKnownFileType = sourcecode.c.objc; path = empty.m; sourceTree = "<group>"; };
		F3E2B0A31B3FC0C800CC7B45 /* keys.plist */ = {isa = PBXFileReference; fileEncoding = 4; lastKnownFileType = text.plist.xml; path = keys.plist; sourceTree = "<group>"; };
		F3F6FDAD1B360BB700CAACA6 /* scroll.app */ = {isa = PBXFileReference; explicitFileType = wrapper.application; includeInIndex = 0; path = scroll.app; sourceTree = BUILT_PRODUCTS_DIR; };
		F3F6FDB11B360BB700CAACA6 /* Info.plist */ = {isa = PBXFileReference; lastKnownFileType = text.plist.xml; path = Info.plist; sourceTree = "<group>"; };
		F3F6FDB21B360BB700CAACA6 /* AppDelegate.swift */ = {isa = PBXFileReference; lastKnownFileType = sourcecode.swift; path = AppDelegate.swift; sourceTree = "<group>"; };
		F3F6FDB91B360BB700CAACA6 /* Images.xcassets */ = {isa = PBXFileReference; lastKnownFileType = folder.assetcatalog; path = Images.xcassets; sourceTree = "<group>"; };
		F3F6FDBC1B360BB700CAACA6 /* Base */ = {isa = PBXFileReference; lastKnownFileType = file.xib; name = Base; path = Base.lproj/LaunchScreen.xib; sourceTree = "<group>"; };
		F3F6FDC21B360BB700CAACA6 /* scrollTests.xctest */ = {isa = PBXFileReference; explicitFileType = wrapper.cfbundle; includeInIndex = 0; path = scrollTests.xctest; sourceTree = BUILT_PRODUCTS_DIR; };
		F3F6FDC71B360BB700CAACA6 /* Info.plist */ = {isa = PBXFileReference; lastKnownFileType = text.plist.xml; path = Info.plist; sourceTree = "<group>"; };
		F3F6FDC81B360BB700CAACA6 /* scrollTests.swift */ = {isa = PBXFileReference; lastKnownFileType = sourcecode.swift; path = scrollTests.swift; sourceTree = "<group>"; };
		F3F6FDD21B360C4B00CAACA6 /* ComposeViewController.swift */ = {isa = PBXFileReference; fileEncoding = 4; lastKnownFileType = sourcecode.swift; path = ComposeViewController.swift; sourceTree = "<group>"; };
		F3F6FDD41B360D6000CAACA6 /* HomeViewController.swift */ = {isa = PBXFileReference; fileEncoding = 4; lastKnownFileType = sourcecode.swift; path = HomeViewController.swift; sourceTree = "<group>"; };
		F3F6FDD61B3615BE00CAACA6 /* SanFranciscoDisplay-Medium.otf */ = {isa = PBXFileReference; lastKnownFileType = file; path = "SanFranciscoDisplay-Medium.otf"; sourceTree = "<group>"; };
		F3F6FDD71B3615BE00CAACA6 /* SanFranciscoDisplay-Regular.otf */ = {isa = PBXFileReference; lastKnownFileType = file; path = "SanFranciscoDisplay-Regular.otf"; sourceTree = "<group>"; };
		F3F6FDDB1B36581400CAACA6 /* HomeTableViewCell.swift */ = {isa = PBXFileReference; fileEncoding = 4; lastKnownFileType = sourcecode.swift; path = HomeTableViewCell.swift; sourceTree = "<group>"; };
/* End PBXFileReference section */

/* Begin PBXFrameworksBuildPhase section */
		F3F6FDAA1B360BB700CAACA6 /* Frameworks */ = {
			isa = PBXFrameworksBuildPhase;
			buildActionMask = 2147483647;
			files = (
				9AD373F14B346AEC70773065 /* Pods.framework in Frameworks */,
			);
			runOnlyForDeploymentPostprocessing = 0;
		};
		F3F6FDBF1B360BB700CAACA6 /* Frameworks */ = {
			isa = PBXFrameworksBuildPhase;
			buildActionMask = 2147483647;
			files = (
			);
			runOnlyForDeploymentPostprocessing = 0;
		};
/* End PBXFrameworksBuildPhase section */

/* Begin PBXGroup section */
		97DBB7F4510348C7E472A8A6 /* Pods */ = {
			isa = PBXGroup;
			children = (
				088C2AA1A34DF6D6656F5C09 /* Pods.debug.xcconfig */,
				4D84638BD98E0E92C4E87556 /* Pods.release.xcconfig */,
			);
			name = Pods;
			sourceTree = "<group>";
		};
		C0C17B467F71951DE029D067 /* Frameworks */ = {
			isa = PBXGroup;
			children = (
				3543D5C287A570B5240966E4 /* Pods.framework */,
			);
			name = Frameworks;
			sourceTree = "<group>";
		};
		F3F6FDA41B360BB600CAACA6 = {
			isa = PBXGroup;
			children = (
				F354CEC41B3F4A9B00AE51CD /* Podfile */,
				F3F6FDAF1B360BB700CAACA6 /* scroll */,
				F3F6FDC51B360BB700CAACA6 /* scrollTests */,
				F3F6FDAE1B360BB700CAACA6 /* Products */,
				97DBB7F4510348C7E472A8A6 /* Pods */,
				C0C17B467F71951DE029D067 /* Frameworks */,
			);
			sourceTree = "<group>";
		};
		F3F6FDAE1B360BB700CAACA6 /* Products */ = {
			isa = PBXGroup;
			children = (
				F3F6FDAD1B360BB700CAACA6 /* scroll.app */,
				F3F6FDC21B360BB700CAACA6 /* scrollTests.xctest */,
			);
			name = Products;
			sourceTree = "<group>";
		};
		F3F6FDAF1B360BB700CAACA6 /* scroll */ = {
			isa = PBXGroup;
			children = (
				F3F6FDB21B360BB700CAACA6 /* AppDelegate.swift */,
				F3B9416F1B48833D00287B20 /* AuthViewController.swift */,
				F3F6FDD41B360D6000CAACA6 /* HomeViewController.swift */,
				F3F6FDDB1B36581400CAACA6 /* HomeTableViewCell.swift */,
				F3F6FDD21B360C4B00CAACA6 /* ComposeViewController.swift */,
				F32A81651B49EAD000747A07 /* EditViewController.swift */,
				F3B859CD1B49952E0085712C /* ActionSheetViewController.swift */,
				F3F6FDB91B360BB700CAACA6 /* Images.xcassets */,
				F3F6FDBB1B360BB700CAACA6 /* LaunchScreen.xib */,
				F3F6FDDA1B3615C500CAACA6 /* Fonts */,
				F3F6FDB01B360BB700CAACA6 /* Supporting Files */,
				F3C3AB7F1B3F4D7E0069100C /* empty.m */,
				F3C3AB7E1B3F4D7D0069100C /* scroll-Bridging-Header.h */,
			);
			path = scroll;
			sourceTree = "<group>";
		};
		F3F6FDB01B360BB700CAACA6 /* Supporting Files */ = {
			isa = PBXGroup;
			children = (
				F3F6FDB11B360BB700CAACA6 /* Info.plist */,
				F3E2B0A31B3FC0C800CC7B45 /* keys.plist */,
			);
			name = "Supporting Files";
			sourceTree = "<group>";
		};
		F3F6FDC51B360BB700CAACA6 /* scrollTests */ = {
			isa = PBXGroup;
			children = (
				F3F6FDC81B360BB700CAACA6 /* scrollTests.swift */,
				F3F6FDC61B360BB700CAACA6 /* Supporting Files */,
			);
			path = scrollTests;
			sourceTree = "<group>";
		};
		F3F6FDC61B360BB700CAACA6 /* Supporting Files */ = {
			isa = PBXGroup;
			children = (
				F3F6FDC71B360BB700CAACA6 /* Info.plist */,
			);
			name = "Supporting Files";
			sourceTree = "<group>";
		};
		F3F6FDDA1B3615C500CAACA6 /* Fonts */ = {
			isa = PBXGroup;
			children = (
				F39C74181B45E4F000E12470 /* PTSerif.ttc */,
				F3F6FDD61B3615BE00CAACA6 /* SanFranciscoDisplay-Medium.otf */,
				F3F6FDD71B3615BE00CAACA6 /* SanFranciscoDisplay-Regular.otf */,
			);
			name = Fonts;
			sourceTree = "<group>";
		};
/* End PBXGroup section */

/* Begin PBXNativeTarget section */
		F3F6FDAC1B360BB700CAACA6 /* scroll */ = {
			isa = PBXNativeTarget;
			buildConfigurationList = F3F6FDCC1B360BB700CAACA6 /* Build configuration list for PBXNativeTarget "scroll" */;
			buildPhases = (
				04CC3EBC4C64BEAC4CC6DDFC /* Check Pods Manifest.lock */,
				F3F6FDA91B360BB700CAACA6 /* Sources */,
				F3F6FDAA1B360BB700CAACA6 /* Frameworks */,
				F3F6FDAB1B360BB700CAACA6 /* Resources */,
				4B839583341F77DEF5E43301 /* Embed Pods Frameworks */,
				B6E40081C081EE26F270D33C /* Copy Pods Resources */,
			);
			buildRules = (
			);
			dependencies = (
			);
			name = scroll;
			productName = scroll;
			productReference = F3F6FDAD1B360BB700CAACA6 /* scroll.app */;
			productType = "com.apple.product-type.application";
		};
		F3F6FDC11B360BB700CAACA6 /* scrollTests */ = {
			isa = PBXNativeTarget;
			buildConfigurationList = F3F6FDCF1B360BB700CAACA6 /* Build configuration list for PBXNativeTarget "scrollTests" */;
			buildPhases = (
				F3F6FDBE1B360BB700CAACA6 /* Sources */,
				F3F6FDBF1B360BB700CAACA6 /* Frameworks */,
				F3F6FDC01B360BB700CAACA6 /* Resources */,
			);
			buildRules = (
			);
			dependencies = (
				F3F6FDC41B360BB700CAACA6 /* PBXTargetDependency */,
			);
			name = scrollTests;
			productName = scrollTests;
			productReference = F3F6FDC21B360BB700CAACA6 /* scrollTests.xctest */;
			productType = "com.apple.product-type.bundle.unit-test";
		};
/* End PBXNativeTarget section */

/* Begin PBXProject section */
		F3F6FDA51B360BB600CAACA6 /* Project object */ = {
			isa = PBXProject;
			attributes = {
				LastUpgradeCheck = 0630;
				ORGANIZATIONNAME = "Ed Chao";
				TargetAttributes = {
					F3F6FDAC1B360BB700CAACA6 = {
						CreatedOnToolsVersion = 6.3.1;
					};
					F3F6FDC11B360BB700CAACA6 = {
						CreatedOnToolsVersion = 6.3.1;
						TestTargetID = F3F6FDAC1B360BB700CAACA6;
					};
				};
			};
			buildConfigurationList = F3F6FDA81B360BB600CAACA6 /* Build configuration list for PBXProject "scroll" */;
			compatibilityVersion = "Xcode 3.2";
			developmentRegion = English;
			hasScannedForEncodings = 0;
			knownRegions = (
				en,
				Base,
			);
			mainGroup = F3F6FDA41B360BB600CAACA6;
			productRefGroup = F3F6FDAE1B360BB700CAACA6 /* Products */;
			projectDirPath = "";
			projectRoot = "";
			targets = (
				F3F6FDAC1B360BB700CAACA6 /* scroll */,
				F3F6FDC11B360BB700CAACA6 /* scrollTests */,
			);
		};
/* End PBXProject section */

/* Begin PBXResourcesBuildPhase section */
		F3F6FDAB1B360BB700CAACA6 /* Resources */ = {
			isa = PBXResourcesBuildPhase;
			buildActionMask = 2147483647;
			files = (
				F354CEC51B3F4A9B00AE51CD /* Podfile in Resources */,
				F3F6FDBD1B360BB700CAACA6 /* LaunchScreen.xib in Resources */,
				F3E2B0A41B3FC0C800CC7B45 /* keys.plist in Resources */,
				F3F6FDD91B3615BE00CAACA6 /* SanFranciscoDisplay-Regular.otf in Resources */,
				F39C74191B45E4F000E12470 /* PTSerif.ttc in Resources */,
				F3F6FDD81B3615BE00CAACA6 /* SanFranciscoDisplay-Medium.otf in Resources */,
				F3F6FDBA1B360BB700CAACA6 /* Images.xcassets in Resources */,
			);
			runOnlyForDeploymentPostprocessing = 0;
		};
		F3F6FDC01B360BB700CAACA6 /* Resources */ = {
			isa = PBXResourcesBuildPhase;
			buildActionMask = 2147483647;
			files = (
			);
			runOnlyForDeploymentPostprocessing = 0;
		};
/* End PBXResourcesBuildPhase section */

/* Begin PBXShellScriptBuildPhase section */
		04CC3EBC4C64BEAC4CC6DDFC /* Check Pods Manifest.lock */ = {
			isa = PBXShellScriptBuildPhase;
			buildActionMask = 2147483647;
			files = (
			);
			inputPaths = (
			);
			name = "Check Pods Manifest.lock";
			outputPaths = (
			);
			runOnlyForDeploymentPostprocessing = 0;
			shellPath = /bin/sh;
			shellScript = "diff \"${PODS_ROOT}/../Podfile.lock\" \"${PODS_ROOT}/Manifest.lock\" > /dev/null\nif [[ $? != 0 ]] ; then\n    cat << EOM\nerror: The sandbox is not in sync with the Podfile.lock. Run 'pod install' or update your CocoaPods installation.\nEOM\n    exit 1\nfi\n";
			showEnvVarsInLog = 0;
		};
		4B839583341F77DEF5E43301 /* Embed Pods Frameworks */ = {
			isa = PBXShellScriptBuildPhase;
			buildActionMask = 2147483647;
			files = (
			);
			inputPaths = (
			);
			name = "Embed Pods Frameworks";
			outputPaths = (
			);
			runOnlyForDeploymentPostprocessing = 0;
			shellPath = /bin/sh;
			shellScript = "\"${SRCROOT}/Pods/Target Support Files/Pods/Pods-frameworks.sh\"\n";
			showEnvVarsInLog = 0;
		};
		B6E40081C081EE26F270D33C /* Copy Pods Resources */ = {
			isa = PBXShellScriptBuildPhase;
			buildActionMask = 2147483647;
			files = (
			);
			inputPaths = (
			);
			name = "Copy Pods Resources";
			outputPaths = (
			);
			runOnlyForDeploymentPostprocessing = 0;
			shellPath = /bin/sh;
			shellScript = "\"${SRCROOT}/Pods/Target Support Files/Pods/Pods-resources.sh\"\n";
			showEnvVarsInLog = 0;
		};
/* End PBXShellScriptBuildPhase section */

/* Begin PBXSourcesBuildPhase section */
		F3F6FDA91B360BB700CAACA6 /* Sources */ = {
			isa = PBXSourcesBuildPhase;
			buildActionMask = 2147483647;
			files = (
				F32A81661B49EAD000747A07 /* EditViewController.swift in Sources */,
				F3F6FDD31B360C4B00CAACA6 /* ComposeViewController.swift in Sources */,
				F3F6FDB31B360BB700CAACA6 /* AppDelegate.swift in Sources */,
				F3F6FDDC1B36581400CAACA6 /* HomeTableViewCell.swift in Sources */,
				F3C3AB801B3F4D7E0069100C /* empty.m in Sources */,
				F3B859CE1B49952E0085712C /* ActionSheetViewController.swift in Sources */,
				F3B941701B48833D00287B20 /* AuthViewController.swift in Sources */,
				F3F6FDD51B360D6000CAACA6 /* HomeViewController.swift in Sources */,
			);
			runOnlyForDeploymentPostprocessing = 0;
		};
		F3F6FDBE1B360BB700CAACA6 /* Sources */ = {
			isa = PBXSourcesBuildPhase;
			buildActionMask = 2147483647;
			files = (
				F3F6FDC91B360BB700CAACA6 /* scrollTests.swift in Sources */,
			);
			runOnlyForDeploymentPostprocessing = 0;
		};
/* End PBXSourcesBuildPhase section */

/* Begin PBXTargetDependency section */
		F3F6FDC41B360BB700CAACA6 /* PBXTargetDependency */ = {
			isa = PBXTargetDependency;
			target = F3F6FDAC1B360BB700CAACA6 /* scroll */;
			targetProxy = F3F6FDC31B360BB700CAACA6 /* PBXContainerItemProxy */;
		};
/* End PBXTargetDependency section */

/* Begin PBXVariantGroup section */
		F3F6FDBB1B360BB700CAACA6 /* LaunchScreen.xib */ = {
			isa = PBXVariantGroup;
			children = (
				F3F6FDBC1B360BB700CAACA6 /* Base */,
			);
			name = LaunchScreen.xib;
			sourceTree = "<group>";
		};
/* End PBXVariantGroup section */

/* Begin XCBuildConfiguration section */
		F3F6FDCA1B360BB700CAACA6 /* Debug */ = {
			isa = XCBuildConfiguration;
			buildSettings = {
				ALWAYS_SEARCH_USER_PATHS = NO;
				CLANG_CXX_LANGUAGE_STANDARD = "gnu++0x";
				CLANG_CXX_LIBRARY = "libc++";
				CLANG_ENABLE_MODULES = YES;
				CLANG_ENABLE_OBJC_ARC = YES;
				CLANG_WARN_BOOL_CONVERSION = YES;
				CLANG_WARN_CONSTANT_CONVERSION = YES;
				CLANG_WARN_DIRECT_OBJC_ISA_USAGE = YES_ERROR;
				CLANG_WARN_EMPTY_BODY = YES;
				CLANG_WARN_ENUM_CONVERSION = YES;
				CLANG_WARN_INT_CONVERSION = YES;
				CLANG_WARN_OBJC_ROOT_CLASS = YES_ERROR;
				CLANG_WARN_UNREACHABLE_CODE = YES;
				CLANG_WARN__DUPLICATE_METHOD_MATCH = YES;
				"CODE_SIGN_IDENTITY[sdk=iphoneos*]" = "iPhone Developer";
				COPY_PHASE_STRIP = NO;
				DEBUG_INFORMATION_FORMAT = "dwarf-with-dsym";
				ENABLE_STRICT_OBJC_MSGSEND = YES;
				GCC_C_LANGUAGE_STANDARD = gnu99;
				GCC_DYNAMIC_NO_PIC = NO;
				GCC_NO_COMMON_BLOCKS = YES;
				GCC_OPTIMIZATION_LEVEL = 0;
				GCC_PREPROCESSOR_DEFINITIONS = (
					"DEBUG=1",
					"$(inherited)",
				);
				GCC_SYMBOLS_PRIVATE_EXTERN = NO;
				GCC_WARN_64_TO_32_BIT_CONVERSION = YES;
				GCC_WARN_ABOUT_RETURN_TYPE = YES_ERROR;
				GCC_WARN_UNDECLARED_SELECTOR = YES;
				GCC_WARN_UNINITIALIZED_AUTOS = YES_AGGRESSIVE;
				GCC_WARN_UNUSED_FUNCTION = YES;
				GCC_WARN_UNUSED_VARIABLE = YES;
				IPHONEOS_DEPLOYMENT_TARGET = 8.3;
				MTL_ENABLE_DEBUG_INFO = YES;
				ONLY_ACTIVE_ARCH = YES;
				SDKROOT = iphoneos;
				SWIFT_OPTIMIZATION_LEVEL = "-Onone";
			};
			name = Debug;
		};
		F3F6FDCB1B360BB700CAACA6 /* Release */ = {
			isa = XCBuildConfiguration;
			buildSettings = {
				ALWAYS_SEARCH_USER_PATHS = NO;
				CLANG_CXX_LANGUAGE_STANDARD = "gnu++0x";
				CLANG_CXX_LIBRARY = "libc++";
				CLANG_ENABLE_MODULES = YES;
				CLANG_ENABLE_OBJC_ARC = YES;
				CLANG_WARN_BOOL_CONVERSION = YES;
				CLANG_WARN_CONSTANT_CONVERSION = YES;
				CLANG_WARN_DIRECT_OBJC_ISA_USAGE = YES_ERROR;
				CLANG_WARN_EMPTY_BODY = YES;
				CLANG_WARN_ENUM_CONVERSION = YES;
				CLANG_WARN_INT_CONVERSION = YES;
				CLANG_WARN_OBJC_ROOT_CLASS = YES_ERROR;
				CLANG_WARN_UNREACHABLE_CODE = YES;
				CLANG_WARN__DUPLICATE_METHOD_MATCH = YES;
				"CODE_SIGN_IDENTITY[sdk=iphoneos*]" = "iPhone Developer";
				COPY_PHASE_STRIP = NO;
				DEBUG_INFORMATION_FORMAT = "dwarf-with-dsym";
				ENABLE_NS_ASSERTIONS = NO;
				ENABLE_STRICT_OBJC_MSGSEND = YES;
				GCC_C_LANGUAGE_STANDARD = gnu99;
				GCC_NO_COMMON_BLOCKS = YES;
				GCC_WARN_64_TO_32_BIT_CONVERSION = YES;
				GCC_WARN_ABOUT_RETURN_TYPE = YES_ERROR;
				GCC_WARN_UNDECLARED_SELECTOR = YES;
				GCC_WARN_UNINITIALIZED_AUTOS = YES_AGGRESSIVE;
				GCC_WARN_UNUSED_FUNCTION = YES;
				GCC_WARN_UNUSED_VARIABLE = YES;
				IPHONEOS_DEPLOYMENT_TARGET = 8.3;
				MTL_ENABLE_DEBUG_INFO = NO;
				SDKROOT = iphoneos;
				VALIDATE_PRODUCT = YES;
			};
			name = Release;
		};
		F3F6FDCD1B360BB700CAACA6 /* Debug */ = {
			isa = XCBuildConfiguration;
			baseConfigurationReference = 088C2AA1A34DF6D6656F5C09 /* Pods.debug.xcconfig */;
			buildSettings = {
				ASSETCATALOG_COMPILER_APPICON_NAME = AppIcon;
				CLANG_ENABLE_MODULES = YES;
				INFOPLIST_FILE = scroll/Info.plist;
				LD_RUNPATH_SEARCH_PATHS = "$(inherited) @executable_path/Frameworks";
				PRODUCT_NAME = "$(TARGET_NAME)";
				SWIFT_OBJC_BRIDGING_HEADER = "scroll/scroll-Bridging-Header.h";
				SWIFT_OPTIMIZATION_LEVEL = "-Onone";
			};
			name = Debug;
		};
		F3F6FDCE1B360BB700CAACA6 /* Release */ = {
			isa = XCBuildConfiguration;
			baseConfigurationReference = 4D84638BD98E0E92C4E87556 /* Pods.release.xcconfig */;
			buildSettings = {
				ASSETCATALOG_COMPILER_APPICON_NAME = AppIcon;
				CLANG_ENABLE_MODULES = YES;
				INFOPLIST_FILE = scroll/Info.plist;
				LD_RUNPATH_SEARCH_PATHS = "$(inherited) @executable_path/Frameworks";
				PRODUCT_NAME = "$(TARGET_NAME)";
				SWIFT_OBJC_BRIDGING_HEADER = "scroll/scroll-Bridging-Header.h";
			};
			name = Release;
		};
		F3F6FDD01B360BB700CAACA6 /* Debug */ = {
			isa = XCBuildConfiguration;
			buildSettings = {
				BUNDLE_LOADER = "$(TEST_HOST)";
				FRAMEWORK_SEARCH_PATHS = (
					"$(SDKROOT)/Developer/Library/Frameworks",
					"$(inherited)",
				);
				GCC_PREPROCESSOR_DEFINITIONS = (
					"DEBUG=1",
					"$(inherited)",
				);
				INFOPLIST_FILE = scrollTests/Info.plist;
				LD_RUNPATH_SEARCH_PATHS = "$(inherited) @executable_path/Frameworks @loader_path/Frameworks";
				PRODUCT_NAME = "$(TARGET_NAME)";
				TEST_HOST = "$(BUILT_PRODUCTS_DIR)/scroll.app/scroll";
			};
			name = Debug;
		};
		F3F6FDD11B360BB700CAACA6 /* Release */ = {
			isa = XCBuildConfiguration;
			buildSettings = {
				BUNDLE_LOADER = "$(TEST_HOST)";
				FRAMEWORK_SEARCH_PATHS = (
					"$(SDKROOT)/Developer/Library/Frameworks",
					"$(inherited)",
				);
				INFOPLIST_FILE = scrollTests/Info.plist;
				LD_RUNPATH_SEARCH_PATHS = "$(inherited) @executable_path/Frameworks @loader_path/Frameworks";
				PRODUCT_NAME = "$(TARGET_NAME)";
				TEST_HOST = "$(BUILT_PRODUCTS_DIR)/scroll.app/scroll";
			};
			name = Release;
		};
/* End XCBuildConfiguration section */

/* Begin XCConfigurationList section */
		F3F6FDA81B360BB600CAACA6 /* Build configuration list for PBXProject "scroll" */ = {
			isa = XCConfigurationList;
			buildConfigurations = (
				F3F6FDCA1B360BB700CAACA6 /* Debug */,
				F3F6FDCB1B360BB700CAACA6 /* Release */,
			);
			defaultConfigurationIsVisible = 0;
			defaultConfigurationName = Release;
		};
		F3F6FDCC1B360BB700CAACA6 /* Build configuration list for PBXNativeTarget "scroll" */ = {
			isa = XCConfigurationList;
			buildConfigurations = (
				F3F6FDCD1B360BB700CAACA6 /* Debug */,
				F3F6FDCE1B360BB700CAACA6 /* Release */,
			);
			defaultConfigurationIsVisible = 0;
			defaultConfigurationName = Release;
		};
		F3F6FDCF1B360BB700CAACA6 /* Build configuration list for PBXNativeTarget "scrollTests" */ = {
			isa = XCConfigurationList;
			buildConfigurations = (
				F3F6FDD01B360BB700CAACA6 /* Debug */,
				F3F6FDD11B360BB700CAACA6 /* Release */,
			);
			defaultConfigurationIsVisible = 0;
			defaultConfigurationName = Release;
		};
/* End XCConfigurationList section */
	};
	rootObject = F3F6FDA51B360BB600CAACA6 /* Project object */;
}
